// !$*UTF8*$!
{
	archiveVersion = 1;
	classes = {
	};
	objectVersion = 46;
	objects = {

/* Begin PBXBuildFile section */
		6D8569FB177163FA00E90FC0 /* UIKit.framework in Frameworks */ = {isa = PBXBuildFile; fileRef = 6D8569FA177163FA00E90FC0 /* UIKit.framework */; };
		6D8569FD177163FA00E90FC0 /* Foundation.framework in Frameworks */ = {isa = PBXBuildFile; fileRef = 6D8569FC177163FA00E90FC0 /* Foundation.framework */; };
		6D8569FF177163FA00E90FC0 /* CoreGraphics.framework in Frameworks */ = {isa = PBXBuildFile; fileRef = 6D8569FE177163FA00E90FC0 /* CoreGraphics.framework */; };
		6D856A05177163FA00E90FC0 /* InfoPlist.strings in Resources */ = {isa = PBXBuildFile; fileRef = 6D856A03177163FA00E90FC0 /* InfoPlist.strings */; };
		6D856A07177163FA00E90FC0 /* main.m in Sources */ = {isa = PBXBuildFile; fileRef = 6D856A06177163FA00E90FC0 /* main.m */; };
		6D856A0B177163FA00E90FC0 /* AppDelegate.m in Sources */ = {isa = PBXBuildFile; fileRef = 6D856A0A177163FA00E90FC0 /* AppDelegate.m */; };
		6D856A0D177163FA00E90FC0 /* Default.png in Resources */ = {isa = PBXBuildFile; fileRef = 6D856A0C177163FA00E90FC0 /* Default.png */; };
		6D856A0F177163FA00E90FC0 /* Default@2x.png in Resources */ = {isa = PBXBuildFile; fileRef = 6D856A0E177163FA00E90FC0 /* Default@2x.png */; };
		6D856A11177163FA00E90FC0 /* Default-568h@2x.png in Resources */ = {isa = PBXBuildFile; fileRef = 6D856A10177163FA00E90FC0 /* Default-568h@2x.png */; };
		6D856A14177163FA00E90FC0 /* MainStoryboard.storyboard in Resources */ = {isa = PBXBuildFile; fileRef = 6D856A12177163FA00E90FC0 /* MainStoryboard.storyboard */; };
		6D856A4E177166C500E90FC0 /* SearchViewController.m in Sources */ = {isa = PBXBuildFile; fileRef = 6D856A4D177166C500E90FC0 /* SearchViewController.m */; };
		6D856A52177167C900E90FC0 /* AsyncImageView.m in Sources */ = {isa = PBXBuildFile; fileRef = 6D856A51177167C900E90FC0 /* AsyncImageView.m */; };
		6D856A55177167E100E90FC0 /* SearchResultTableViewCell.m in Sources */ = {isa = PBXBuildFile; fileRef = 6D856A54177167E100E90FC0 /* SearchResultTableViewCell.m */; };
		6D856A591771686F00E90FC0 /* FlickrResult.m in Sources */ = {isa = PBXBuildFile; fileRef = 6D856A581771686F00E90FC0 /* FlickrResult.m */; };
		6D856A5C17716A6F00E90FC0 /* DetailViewController.m in Sources */ = {isa = PBXBuildFile; fileRef = 6D856A5B17716A6F00E90FC0 /* DetailViewController.m */; };
/* End PBXBuildFile section */

/* Begin PBXFileReference section */
		6D8569F7177163FA00E90FC0 /* FlickrStoryboard.app */ = {isa = PBXFileReference; explicitFileType = wrapper.application; includeInIndex = 0; path = FlickrStoryboard.app; sourceTree = BUILT_PRODUCTS_DIR; };
		6D8569FA177163FA00E90FC0 /* UIKit.framework */ = {isa = PBXFileReference; lastKnownFileType = wrapper.framework; name = UIKit.framework; path = System/Library/Frameworks/UIKit.framework; sourceTree = SDKROOT; };
		6D8569FC177163FA00E90FC0 /* Foundation.framework */ = {isa = PBXFileReference; lastKnownFileType = wrapper.framework; name = Foundation.framework; path = System/Library/Frameworks/Foundation.framework; sourceTree = SDKROOT; };
		6D8569FE177163FA00E90FC0 /* CoreGraphics.framework */ = {isa = PBXFileReference; lastKnownFileType = wrapper.framework; name = CoreGraphics.framework; path = System/Library/Frameworks/CoreGraphics.framework; sourceTree = SDKROOT; };
		6D856A02177163FA00E90FC0 /* FlickrStoryboard-Info.plist */ = {isa = PBXFileReference; lastKnownFileType = text.plist.xml; path = "FlickrStoryboard-Info.plist"; sourceTree = "<group>"; };
		6D856A04177163FA00E90FC0 /* en */ = {isa = PBXFileReference; lastKnownFileType = text.plist.strings; name = en; path = en.lproj/InfoPlist.strings; sourceTree = "<group>"; };
		6D856A06177163FA00E90FC0 /* main.m */ = {isa = PBXFileReference; lastKnownFileType = sourcecode.c.objc; path = main.m; sourceTree = "<group>"; };
		6D856A08177163FA00E90FC0 /* FlickrStoryboard-Prefix.pch */ = {isa = PBXFileReference; lastKnownFileType = sourcecode.c.h; path = "FlickrStoryboard-Prefix.pch"; sourceTree = "<group>"; };
		6D856A09177163FA00E90FC0 /* AppDelegate.h */ = {isa = PBXFileReference; lastKnownFileType = sourcecode.c.h; path = AppDelegate.h; sourceTree = "<group>"; };
		6D856A0A177163FA00E90FC0 /* AppDelegate.m */ = {isa = PBXFileReference; lastKnownFileType = sourcecode.c.objc; path = AppDelegate.m; sourceTree = "<group>"; };
		6D856A0C177163FA00E90FC0 /* Default.png */ = {isa = PBXFileReference; lastKnownFileType = image.png; path = Default.png; sourceTree = "<group>"; };
		6D856A0E177163FA00E90FC0 /* Default@2x.png */ = {isa = PBXFileReference; lastKnownFileType = image.png; path = "Default@2x.png"; sourceTree = "<group>"; };
		6D856A10177163FA00E90FC0 /* Default-568h@2x.png */ = {isa = PBXFileReference; lastKnownFileType = image.png; path = "Default-568h@2x.png"; sourceTree = "<group>"; };
		6D856A13177163FA00E90FC0 /* en */ = {isa = PBXFileReference; lastKnownFileType = file.storyboard; name = en; path = en.lproj/MainStoryboard.storyboard; sourceTree = "<group>"; };
		6D856A4C177166C500E90FC0 /* SearchViewController.h */ = {isa = PBXFileReference; fileEncoding = 4; lastKnownFileType = sourcecode.c.h; path = SearchViewController.h; sourceTree = "<group>"; };
		6D856A4D177166C500E90FC0 /* SearchViewController.m */ = {isa = PBXFileReference; fileEncoding = 4; lastKnownFileType = sourcecode.c.objc; path = SearchViewController.m; sourceTree = "<group>"; };
		6D856A50177167C900E90FC0 /* AsyncImageView.h */ = {isa = PBXFileReference; fileEncoding = 4; lastKnownFileType = sourcecode.c.h; path = AsyncImageView.h; sourceTree = "<group>"; };
		6D856A51177167C900E90FC0 /* AsyncImageView.m */ = {isa = PBXFileReference; fileEncoding = 4; lastKnownFileType = sourcecode.c.objc; path = AsyncImageView.m; sourceTree = "<group>"; };
		6D856A53177167E100E90FC0 /* SearchResultTableViewCell.h */ = {isa = PBXFileReference; fileEncoding = 4; lastKnownFileType = sourcecode.c.h; path = SearchResultTableViewCell.h; sourceTree = "<group>"; };
		6D856A54177167E100E90FC0 /* SearchResultTableViewCell.m */ = {isa = PBXFileReference; fileEncoding = 4; lastKnownFileType = sourcecode.c.objc; path = SearchResultTableViewCell.m; sourceTree = "<group>"; };
		6D856A571771686F00E90FC0 /* FlickrResult.h */ = {isa = PBXFileReference; fileEncoding = 4; lastKnownFileType = sourcecode.c.h; path = FlickrResult.h; sourceTree = "<group>"; };
		6D856A581771686F00E90FC0 /* FlickrResult.m */ = {isa = PBXFileReference; fileEncoding = 4; lastKnownFileType = sourcecode.c.objc; path = FlickrResult.m; sourceTree = "<group>"; };
		6D856A5A17716A6F00E90FC0 /* DetailViewController.h */ = {isa = PBXFileReference; fileEncoding = 4; lastKnownFileType = sourcecode.c.h; path = DetailViewController.h; sourceTree = "<group>"; };
		6D856A5B17716A6F00E90FC0 /* DetailViewController.m */ = {isa = PBXFileReference; fileEncoding = 4; lastKnownFileType = sourcecode.c.objc; path = DetailViewController.m; sourceTree = "<group>"; };
/* End PBXFileReference section */

/* Begin PBXFrameworksBuildPhase section */
		6D8569F4177163FA00E90FC0 /* Frameworks */ = {
			isa = PBXFrameworksBuildPhase;
			buildActionMask = 2147483647;
			files = (
				6D8569FB177163FA00E90FC0 /* UIKit.framework in Frameworks */,
				6D8569FD177163FA00E90FC0 /* Foundation.framework in Frameworks */,
				6D8569FF177163FA00E90FC0 /* CoreGraphics.framework in Frameworks */,
			);
			runOnlyForDeploymentPostprocessing = 0;
		};
/* End PBXFrameworksBuildPhase section */

/* Begin PBXGroup section */
		6D8569EE177163FA00E90FC0 = {
			isa = PBXGroup;
			children = (
				6D856A00177163FA00E90FC0 /* FlickrStoryboard */,
				6D8569F9177163FA00E90FC0 /* Frameworks */,
				6D8569F8177163FA00E90FC0 /* Products */,
			);
			sourceTree = "<group>";
		};
		6D8569F8177163FA00E90FC0 /* Products */ = {
			isa = PBXGroup;
			children = (
				6D8569F7177163FA00E90FC0 /* FlickrStoryboard.app */,
			);
			name = Products;
			sourceTree = "<group>";
		};
		6D8569F9177163FA00E90FC0 /* Frameworks */ = {
			isa = PBXGroup;
			children = (
				6D8569FA177163FA00E90FC0 /* UIKit.framework */,
				6D8569FC177163FA00E90FC0 /* Foundation.framework */,
				6D8569FE177163FA00E90FC0 /* CoreGraphics.framework */,
			);
			name = Frameworks;
			sourceTree = "<group>";
		};
		6D856A00177163FA00E90FC0 /* FlickrStoryboard */ = {
			isa = PBXGroup;
			children = (
				6D856A561771685E00E90FC0 /* Models */,
				6D856A4F1771671300E90FC0 /* Views */,
				6D856A09177163FA00E90FC0 /* AppDelegate.h */,
				6D856A0A177163FA00E90FC0 /* AppDelegate.m */,
				6D856A12177163FA00E90FC0 /* MainStoryboard.storyboard */,
				6D856A01177163FA00E90FC0 /* Supporting Files */,
				6D856A4C177166C500E90FC0 /* SearchViewController.h */,
				6D856A4D177166C500E90FC0 /* SearchViewController.m */,
				6D856A5A17716A6F00E90FC0 /* DetailViewController.h */,
				6D856A5B17716A6F00E90FC0 /* DetailViewController.m */,
			);
			path = FlickrStoryboard;
			sourceTree = "<group>";
		};
		6D856A01177163FA00E90FC0 /* Supporting Files */ = {
			isa = PBXGroup;
			children = (
				6D856A02177163FA00E90FC0 /* FlickrStoryboard-Info.plist */,
				6D856A03177163FA00E90FC0 /* InfoPlist.strings */,
				6D856A06177163FA00E90FC0 /* main.m */,
				6D856A08177163FA00E90FC0 /* FlickrStoryboard-Prefix.pch */,
				6D856A0C177163FA00E90FC0 /* Default.png */,
				6D856A0E177163FA00E90FC0 /* Default@2x.png */,
				6D856A10177163FA00E90FC0 /* Default-568h@2x.png */,
			);
			name = "Supporting Files";
			sourceTree = "<group>";
		};
		6D856A4F1771671300E90FC0 /* Views */ = {
			isa = PBXGroup;
			children = (
				6D856A50177167C900E90FC0 /* AsyncImageView.h */,
				6D856A51177167C900E90FC0 /* AsyncImageView.m */,
				6D856A53177167E100E90FC0 /* SearchResultTableViewCell.h */,
				6D856A54177167E100E90FC0 /* SearchResultTableViewCell.m */,
			);
			name = Views;
			sourceTree = "<group>";
		};
		6D856A561771685E00E90FC0 /* Models */ = {
			isa = PBXGroup;
			children = (
				6D856A571771686F00E90FC0 /* FlickrResult.h */,
				6D856A581771686F00E90FC0 /* FlickrResult.m */,
			);
			name = Models;
			sourceTree = "<group>";
		};
/* End PBXGroup section */

/* Begin PBXNativeTarget section */
		6D8569F6177163FA00E90FC0 /* FlickrStoryboard */ = {
			isa = PBXNativeTarget;
			buildConfigurationList = 6D856A1A177163FA00E90FC0 /* Build configuration list for PBXNativeTarget "FlickrStoryboard" */;
			buildPhases = (
				6D8569F3177163FA00E90FC0 /* Sources */,
				6D8569F4177163FA00E90FC0 /* Frameworks */,
				6D8569F5177163FA00E90FC0 /* Resources */,
			);
			buildRules = (
			);
			dependencies = (
			);
			name = FlickrStoryboard;
			productName = FlickrStoryboard;
			productReference = 6D8569F7177163FA00E90FC0 /* FlickrStoryboard.app */;
			productType = "com.apple.product-type.application";
		};
/* End PBXNativeTarget section */

/* Begin PBXProject section */
		6D8569EF177163FA00E90FC0 /* Project object */ = {
			isa = PBXProject;
			attributes = {
				LastUpgradeCheck = 0460;
				ORGANIZATIONNAME = "Donovan Palma Jr";
			};
			buildConfigurationList = 6D8569F2177163FA00E90FC0 /* Build configuration list for PBXProject "FlickrStoryboard" */;
			compatibilityVersion = "Xcode 3.2";
			developmentRegion = English;
			hasScannedForEncodings = 0;
			knownRegions = (
				en,
			);
			mainGroup = 6D8569EE177163FA00E90FC0;
			productRefGroup = 6D8569F8177163FA00E90FC0 /* Products */;
			projectDirPath = "";
			projectRoot = "";
			targets = (
				6D8569F6177163FA00E90FC0 /* FlickrStoryboard */,
			);
		};
/* End PBXProject section */

/* Begin PBXResourcesBuildPhase section */
		6D8569F5177163FA00E90FC0 /* Resources */ = {
			isa = PBXResourcesBuildPhase;
			buildActionMask = 2147483647;
			files = (
				6D856A05177163FA00E90FC0 /* InfoPlist.strings in Resources */,
				6D856A0D177163FA00E90FC0 /* Default.png in Resources */,
				6D856A0F177163FA00E90FC0 /* Default@2x.png in Resources */,
				6D856A11177163FA00E90FC0 /* Default-568h@2x.png in Resources */,
				6D856A14177163FA00E90FC0 /* MainStoryboard.storyboard in Resources */,
			);
			runOnlyForDeploymentPostprocessing = 0;
		};
/* End PBXResourcesBuildPhase section */

/* Begin PBXSourcesBuildPhase section */
		6D8569F3177163FA00E90FC0 /* Sources */ = {
			isa = PBXSourcesBuildPhase;
			buildActionMask = 2147483647;
			files = (
				6D856A07177163FA00E90FC0 /* main.m in Sources */,
				6D856A0B177163FA00E90FC0 /* AppDelegate.m in Sources */,
				6D856A4E177166C500E90FC0 /* SearchViewController.m in Sources */,
				6D856A52177167C900E90FC0 /* AsyncImageView.m in Sources */,
				6D856A55177167E100E90FC0 /* SearchResultTableViewCell.m in Sources */,
				6D856A591771686F00E90FC0 /* FlickrResult.m in Sources */,
				6D856A5C17716A6F00E90FC0 /* DetailViewController.m in Sources */,
			);
			runOnlyForDeploymentPostprocessing = 0;
		};
/* End PBXSourcesBuildPhase section */

/* Begin PBXVariantGroup section */
		6D856A03177163FA00E90FC0 /* InfoPlist.strings */ = {
			isa = PBXVariantGroup;
			children = (
				6D856A04177163FA00E90FC0 /* en */,
			);
			name = InfoPlist.strings;
			sourceTree = "<group>";
		};
		6D856A12177163FA00E90FC0 /* MainStoryboard.storyboard */ = {
			isa = PBXVariantGroup;
			children = (
				6D856A13177163FA00E90FC0 /* en */,
			);
			name = MainStoryboard.storyboard;
			sourceTree = "<group>";
		};
/* End PBXVariantGroup section */

/* Begin XCBuildConfiguration section */
		6D856A18177163FA00E90FC0 /* Debug */ = {
			isa = XCBuildConfiguration;
			buildSettings = {
				ALWAYS_SEARCH_USER_PATHS = NO;
				CLANG_CXX_LANGUAGE_STANDARD = "gnu++0x";
				CLANG_CXX_LIBRARY = "libc++";
				CLANG_ENABLE_OBJC_ARC = YES;
				CLANG_WARN_CONSTANT_CONVERSION = YES;
				CLANG_WARN_EMPTY_BODY = YES;
				CLANG_WARN_ENUM_CONVERSION = YES;
				CLANG_WARN_INT_CONVERSION = YES;
				CLANG_WARN__DUPLICATE_METHOD_MATCH = YES;
				"CODE_SIGN_IDENTITY[sdk=iphoneos*]" = "iPhone Developer";
				COPY_PHASE_STRIP = NO;
				GCC_C_LANGUAGE_STANDARD = gnu99;
				GCC_DYNAMIC_NO_PIC = NO;
				GCC_OPTIMIZATION_LEVEL = 0;
				GCC_PREPROCESSOR_DEFINITIONS = (
					"DEBUG=1",
					"$(inherited)",
				);
				GCC_SYMBOLS_PRIVATE_EXTERN = NO;
				GCC_WARN_ABOUT_RETURN_TYPE = YES;
				GCC_WARN_UNINITIALIZED_AUTOS = YES;
				GCC_WARN_UNUSED_VARIABLE = YES;
				IPHONEOS_DEPLOYMENT_TARGET = 6.1;
				ONLY_ACTIVE_ARCH = YES;
				SDKROOT = iphoneos;
			};
			name = Debug;
		};
		6D856A19177163FA00E90FC0 /* Release */ = {
			isa = XCBuildConfiguration;
			buildSettings = {
				ALWAYS_SEARCH_USER_PATHS = NO;
				CLANG_CXX_LANGUAGE_STANDARD = "gnu++0x";
				CLANG_CXX_LIBRARY = "libc++";
				CLANG_ENABLE_OBJC_ARC = YES;
				CLANG_WARN_CONSTANT_CONVERSION = YES;
				CLANG_WARN_EMPTY_BODY = YES;
				CLANG_WARN_ENUM_CONVERSION = YES;
				CLANG_WARN_INT_CONVERSION = YES;
				CLANG_WARN__DUPLICATE_METHOD_MATCH = YES;
				"CODE_SIGN_IDENTITY[sdk=iphoneos*]" = "iPhone Developer";
				COPY_PHASE_STRIP = YES;
				GCC_C_LANGUAGE_STANDARD = gnu99;
				GCC_WARN_ABOUT_RETURN_TYPE = YES;
				GCC_WARN_UNINITIALIZED_AUTOS = YES;
				GCC_WARN_UNUSED_VARIABLE = YES;
				IPHONEOS_DEPLOYMENT_TARGET = 6.1;
				OTHER_CFLAGS = "-DNS_BLOCK_ASSERTIONS=1";
				SDKROOT = iphoneos;
				VALIDATE_PRODUCT = YES;
			};
			name = Release;
		};
		6D856A1B177163FA00E90FC0 /* Debug */ = {
			isa = XCBuildConfiguration;
			buildSettings = {
				GCC_PRECOMPILE_PREFIX_HEADER = YES;
				GCC_PREFIX_HEADER = "FlickrStoryboard/FlickrStoryboard-Prefix.pch";
				INFOPLIST_FILE = "FlickrStoryboard/FlickrStoryboard-Info.plist";
				PRODUCT_NAME = "$(TARGET_NAME)";
				WRAPPER_EXTENSION = app;
			};
			name = Debug;
		};
		6D856A1C177163FA00E90FC0 /* Release */ = {
			isa = XCBuildConfiguration;
			buildSettings = {
				GCC_PRECOMPILE_PREFIX_HEADER = YES;
				GCC_PREFIX_HEADER = "FlickrStoryboard/FlickrStoryboard-Prefix.pch";
				INFOPLIST_FILE = "FlickrStoryboard/FlickrStoryboard-Info.plist";
				PRODUCT_NAME = "$(TARGET_NAME)";
				WRAPPER_EXTENSION = app;
			};
			name = Release;
		};
/* End XCBuildConfiguration section */

/* Begin XCConfigurationList section */
		6D8569F2177163FA00E90FC0 /* Build configuration list for PBXProject "FlickrStoryboard" */ = {
			isa = XCConfigurationList;
			buildConfigurations = (
				6D856A18177163FA00E90FC0 /* Debug */,
				6D856A19177163FA00E90FC0 /* Release */,
			);
			defaultConfigurationIsVisible = 0;
			defaultConfigurationName = Release;
		};
		6D856A1A177163FA00E90FC0 /* Build configuration list for PBXNativeTarget "FlickrStoryboard" */ = {
			isa = XCConfigurationList;
			buildConfigurations = (
				6D856A1B177163FA00E90FC0 /* Debug */,
				6D856A1C177163FA00E90FC0 /* Release */,
			);
			defaultConfigurationIsVisible = 0;
		};
/* End XCConfigurationList section */
	};
	rootObject = 6D8569EF177163FA00E90FC0 /* Project object */;
}
